
Microsoft Visual Studio Solution File, Format Version 12.00
# Visual Studio Version 17
VisualStudioVersion = 17.6.33723.286
MinimumVisualStudioVersion = 10.0.40219.1
Project("{FAE04EC0-301F-11D3-BF4B-00C04F79EFBC}") = "ProiectPAW", "ProiectPAW.csproj", "{824F54DB-BB1C-42A9-8C2D-C5D659EC4890}"
EndProject
Global
	GlobalSection(SolutionConfigurationPlatforms) = preSolution
		Debug|Any CPU = Debug|Any CPU
		Release|Any CPU = Release|Any CPU
	EndGlobalSection
	GlobalSection(ProjectConfigurationPlatforms) = postSolution
		{824F54DB-BB1C-42A9-8C2D-C5D659EC4890}.Debug|Any CPU.ActiveCfg = Debug|Any CPU
		{824F54DB-BB1C-42A9-8C2D-C5D659EC4890}.Debug|Any CPU.Build.0 = Debug|Any CPU
		{824F54DB-BB1C-42A9-8C2D-C5D659EC4890}.Release|Any CPU.ActiveCfg = Release|Any CPU
		{824F54DB-BB1C-42A9-8C2D-C5D659EC4890}.Release|Any CPU.Build.0 = Release|Any CPU
	EndGlobalSection
	GlobalSection(SolutionProperties) = preSolution
		HideSolutionNode = FALSE
	EndGlobalSection
	GlobalSection(ExtensibilityGlobals) = postSolution
		SolutionGuid = {3A39C5AF-70A8-469E-BE22-192404F841F0}
	EndGlobalSection
EndGlobal
